{
  "requires": true,
  "lockfileVersion": 1,
  "dependencies": {
    "vant-weapp": {
      "version": "0.5.2",
      "resolved": "https://registry.npmjs.org/vant-weapp/-/vant-weapp-0.5.2.tgz",
      "integrity": "sha512-Iy6UC9ocXVzvZYkFP4gK1WWxJBmlLJotvyZ/BV+xqeVxb/H7dGdmzTIvONABFX9+NmcTC1p3oKSBLb6NWGnXVQ=="
    }
  }
}